// !$*UTF8*$!
{
	archiveVersion = 1;
	classes = {
	};
	objectVersion = 50;
	objects = {

/* Begin PBXBuildFile section */
		DF3E409D22B12FBD005B3BEF /* AppDelegate.swift in Sources */ = {isa = PBXBuildFile; fileRef = DF3E409C22B12FBD005B3BEF /* AppDelegate.swift */; };
		DF3E409F22B12FBD005B3BEF /* SceneDelegate.swift in Sources */ = {isa = PBXBuildFile; fileRef = DF3E409E22B12FBD005B3BEF /* SceneDelegate.swift */; };
		DF3E40A222B12FBD005B3BEF /* Knolls.xcdatamodeld in Sources */ = {isa = PBXBuildFile; fileRef = DF3E40A022B12FBD005B3BEF /* Knolls.xcdatamodeld */; };
		DF3E40A422B12FBD005B3BEF /* ContentView.swift in Sources */ = {isa = PBXBuildFile; fileRef = DF3E40A322B12FBD005B3BEF /* ContentView.swift */; };
		DF3E40A622B12FC1005B3BEF /* Assets.xcassets in Resources */ = {isa = PBXBuildFile; fileRef = DF3E40A522B12FC1005B3BEF /* Assets.xcassets */; };
		DF3E40A922B12FC1005B3BEF /* Preview Assets.xcassets in Resources */ = {isa = PBXBuildFile; fileRef = DF3E40A822B12FC1005B3BEF /* Preview Assets.xcassets */; };
		DF3E40AC22B12FC1005B3BEF /* LaunchScreen.storyboard in Resources */ = {isa = PBXBuildFile; fileRef = DF3E40AA22B12FC1005B3BEF /* LaunchScreen.storyboard */; };
		DF3E40B722B12FC1005B3BEF /* KnollsTests.swift in Sources */ = {isa = PBXBuildFile; fileRef = DF3E40B622B12FC1005B3BEF /* KnollsTests.swift */; };
		DF3E40C222B12FC1005B3BEF /* KnollsUITests.swift in Sources */ = {isa = PBXBuildFile; fileRef = DF3E40C122B12FC1005B3BEF /* KnollsUITests.swift */; };
/* End PBXBuildFile section */

/* Begin PBXContainerItemProxy section */
		DF3E40B322B12FC1005B3BEF /* PBXContainerItemProxy */ = {
			isa = PBXContainerItemProxy;
			containerPortal = DF3E409122B12FBD005B3BEF /* Project object */;
			proxyType = 1;
			remoteGlobalIDString = DF3E409822B12FBD005B3BEF;
			remoteInfo = Knolls;
		};
		DF3E40BE22B12FC1005B3BEF /* PBXContainerItemProxy */ = {
			isa = PBXContainerItemProxy;
			containerPortal = DF3E409122B12FBD005B3BEF /* Project object */;
			proxyType = 1;
			remoteGlobalIDString = DF3E409822B12FBD005B3BEF;
			remoteInfo = Knolls;
		};
/* End PBXContainerItemProxy section */

/* Begin PBXFileReference section */
		DF3E409922B12FBD005B3BEF /* Knolls.app */ = {isa = PBXFileReference; explicitFileType = wrapper.application; includeInIndex = 0; path = Knolls.app; sourceTree = BUILT_PRODUCTS_DIR; };
		DF3E409C22B12FBD005B3BEF /* AppDelegate.swift */ = {isa = PBXFileReference; lastKnownFileType = sourcecode.swift; path = AppDelegate.swift; sourceTree = "<group>"; };
		DF3E409E22B12FBD005B3BEF /* SceneDelegate.swift */ = {isa = PBXFileReference; lastKnownFileType = sourcecode.swift; path = SceneDelegate.swift; sourceTree = "<group>"; };
		DF3E40A122B12FBD005B3BEF /* Knolls.xcdatamodel */ = {isa = PBXFileReference; lastKnownFileType = wrapper.xcdatamodel; path = Knolls.xcdatamodel; sourceTree = "<group>"; };
		DF3E40A322B12FBD005B3BEF /* ContentView.swift */ = {isa = PBXFileReference; lastKnownFileType = sourcecode.swift; path = ContentView.swift; sourceTree = "<group>"; };
		DF3E40A522B12FC1005B3BEF /* Assets.xcassets */ = {isa = PBXFileReference; lastKnownFileType = folder.assetcatalog; path = Assets.xcassets; sourceTree = "<group>"; };
		DF3E40A822B12FC1005B3BEF /* Preview Assets.xcassets */ = {isa = PBXFileReference; lastKnownFileType = folder.assetcatalog; path = "Preview Assets.xcassets"; sourceTree = "<group>"; };
		DF3E40AB22B12FC1005B3BEF /* Base */ = {isa = PBXFileReference; lastKnownFileType = file.storyboard; name = Base; path = Base.lproj/LaunchScreen.storyboard; sourceTree = "<group>"; };
		DF3E40AD22B12FC1005B3BEF /* Info.plist */ = {isa = PBXFileReference; lastKnownFileType = text.plist.xml; path = Info.plist; sourceTree = "<group>"; };
		DF3E40B222B12FC1005B3BEF /* KnollsTests.xctest */ = {isa = PBXFileReference; explicitFileType = wrapper.cfbundle; includeInIndex = 0; path = KnollsTests.xctest; sourceTree = BUILT_PRODUCTS_DIR; };
		DF3E40B622B12FC1005B3BEF /* KnollsTests.swift */ = {isa = PBXFileReference; lastKnownFileType = sourcecode.swift; path = KnollsTests.swift; sourceTree = "<group>"; };
		DF3E40B822B12FC1005B3BEF /* Info.plist */ = {isa = PBXFileReference; lastKnownFileType = text.plist.xml; path = Info.plist; sourceTree = "<group>"; };
		DF3E40BD22B12FC1005B3BEF /* KnollsUITests.xctest */ = {isa = PBXFileReference; explicitFileType = wrapper.cfbundle; includeInIndex = 0; path = KnollsUITests.xctest; sourceTree = BUILT_PRODUCTS_DIR; };
		DF3E40C122B12FC1005B3BEF /* KnollsUITests.swift */ = {isa = PBXFileReference; lastKnownFileType = sourcecode.swift; path = KnollsUITests.swift; sourceTree = "<group>"; };
		DF3E40C322B12FC1005B3BEF /* Info.plist */ = {isa = PBXFileReference; lastKnownFileType = text.plist.xml; path = Info.plist; sourceTree = "<group>"; };
/* End PBXFileReference section */

/* Begin PBXFrameworksBuildPhase section */
		DF3E409622B12FBD005B3BEF /* Frameworks */ = {
			isa = PBXFrameworksBuildPhase;
			buildActionMask = 2147483647;
			files = (
			);
			runOnlyForDeploymentPostprocessing = 0;
		};
		DF3E40AF22B12FC1005B3BEF /* Frameworks */ = {
			isa = PBXFrameworksBuildPhase;
			buildActionMask = 2147483647;
			files = (
			);
			runOnlyForDeploymentPostprocessing = 0;
		};
		DF3E40BA22B12FC1005B3BEF /* Frameworks */ = {
			isa = PBXFrameworksBuildPhase;
			buildActionMask = 2147483647;
			files = (
			);
			runOnlyForDeploymentPostprocessing = 0;
		};
/* End PBXFrameworksBuildPhase section */

/* Begin PBXGroup section */
		DF3E409022B12FBD005B3BEF = {
			isa = PBXGroup;
			children = (
				DF3E409B22B12FBD005B3BEF /* Knolls */,
				DF3E40B522B12FC1005B3BEF /* KnollsTests */,
				DF3E40C022B12FC1005B3BEF /* KnollsUITests */,
				DF3E409A22B12FBD005B3BEF /* Products */,
			);
			sourceTree = "<group>";
		};
		DF3E409A22B12FBD005B3BEF /* Products */ = {
			isa = PBXGroup;
			children = (
				DF3E409922B12FBD005B3BEF /* Knolls.app */,
				DF3E40B222B12FC1005B3BEF /* KnollsTests.xctest */,
				DF3E40BD22B12FC1005B3BEF /* KnollsUITests.xctest */,
			);
			name = Products;
			sourceTree = "<group>";
		};
		DF3E409B22B12FBD005B3BEF /* Knolls */ = {
			isa = PBXGroup;
			children = (
				DF3E409C22B12FBD005B3BEF /* AppDelegate.swift */,
				DF3E409E22B12FBD005B3BEF /* SceneDelegate.swift */,
				DF3E40A322B12FBD005B3BEF /* ContentView.swift */,
				DF3E40A522B12FC1005B3BEF /* Assets.xcassets */,
				DF3E40AA22B12FC1005B3BEF /* LaunchScreen.storyboard */,
				DF3E40AD22B12FC1005B3BEF /* Info.plist */,
				DF3E40A022B12FBD005B3BEF /* Knolls.xcdatamodeld */,
				DF3E40A722B12FC1005B3BEF /* Preview Content */,
			);
			path = Knolls;
			sourceTree = "<group>";
		};
		DF3E40A722B12FC1005B3BEF /* Preview Content */ = {
			isa = PBXGroup;
			children = (
				DF3E40A822B12FC1005B3BEF /* Preview Assets.xcassets */,
			);
			path = "Preview Content";
			sourceTree = "<group>";
		};
		DF3E40B522B12FC1005B3BEF /* KnollsTests */ = {
			isa = PBXGroup;
			children = (
				DF3E40B622B12FC1005B3BEF /* KnollsTests.swift */,
				DF3E40B822B12FC1005B3BEF /* Info.plist */,
			);
			path = KnollsTests;
			sourceTree = "<group>";
		};
		DF3E40C022B12FC1005B3BEF /* KnollsUITests */ = {
			isa = PBXGroup;
			children = (
				DF3E40C122B12FC1005B3BEF /* KnollsUITests.swift */,
				DF3E40C322B12FC1005B3BEF /* Info.plist */,
			);
			path = KnollsUITests;
			sourceTree = "<group>";
		};
/* End PBXGroup section */

/* Begin PBXNativeTarget section */
		DF3E409822B12FBD005B3BEF /* Knolls */ = {
			isa = PBXNativeTarget;
			buildConfigurationList = DF3E40C622B12FC1005B3BEF /* Build configuration list for PBXNativeTarget "Knolls" */;
			buildPhases = (
				DF3E409522B12FBD005B3BEF /* Sources */,
				DF3E409622B12FBD005B3BEF /* Frameworks */,
				DF3E409722B12FBD005B3BEF /* Resources */,
			);
			buildRules = (
			);
			dependencies = (
			);
			name = Knolls;
			productName = Knolls;
			productReference = DF3E409922B12FBD005B3BEF /* Knolls.app */;
			productType = "com.apple.product-type.application";
		};
		DF3E40B122B12FC1005B3BEF /* KnollsTests */ = {
			isa = PBXNativeTarget;
			buildConfigurationList = DF3E40C922B12FC1005B3BEF /* Build configuration list for PBXNativeTarget "KnollsTests" */;
			buildPhases = (
				DF3E40AE22B12FC1005B3BEF /* Sources */,
				DF3E40AF22B12FC1005B3BEF /* Frameworks */,
				DF3E40B022B12FC1005B3BEF /* Resources */,
			);
			buildRules = (
			);
			dependencies = (
				DF3E40B422B12FC1005B3BEF /* PBXTargetDependency */,
			);
			name = KnollsTests;
			productName = KnollsTests;
			productReference = DF3E40B222B12FC1005B3BEF /* KnollsTests.xctest */;
			productType = "com.apple.product-type.bundle.unit-test";
		};
		DF3E40BC22B12FC1005B3BEF /* KnollsUITests */ = {
			isa = PBXNativeTarget;
			buildConfigurationList = DF3E40CC22B12FC1005B3BEF /* Build configuration list for PBXNativeTarget "KnollsUITests" */;
			buildPhases = (
				DF3E40B922B12FC1005B3BEF /* Sources */,
				DF3E40BA22B12FC1005B3BEF /* Frameworks */,
				DF3E40BB22B12FC1005B3BEF /* Resources */,
			);
			buildRules = (
			);
			dependencies = (
				DF3E40BF22B12FC1005B3BEF /* PBXTargetDependency */,
			);
			name = KnollsUITests;
			productName = KnollsUITests;
			productReference = DF3E40BD22B12FC1005B3BEF /* KnollsUITests.xctest */;
			productType = "com.apple.product-type.bundle.ui-testing";
		};
/* End PBXNativeTarget section */

/* Begin PBXProject section */
		DF3E409122B12FBD005B3BEF /* Project object */ = {
			isa = PBXProject;
			attributes = {
				LastSwiftUpdateCheck = 1100;
				LastUpgradeCheck = 1100;
				ORGANIZATIONNAME = "Leef Studios, LLC";
				TargetAttributes = {
					DF3E409822B12FBD005B3BEF = {
						CreatedOnToolsVersion = 11.0;
					};
					DF3E40B122B12FC1005B3BEF = {
						CreatedOnToolsVersion = 11.0;
						TestTargetID = DF3E409822B12FBD005B3BEF;
					};
					DF3E40BC22B12FC1005B3BEF = {
						CreatedOnToolsVersion = 11.0;
						TestTargetID = DF3E409822B12FBD005B3BEF;
					};
				};
			};
			buildConfigurationList = DF3E409422B12FBD005B3BEF /* Build configuration list for PBXProject "Knolls" */;
			compatibilityVersion = "Xcode 9.3";
			developmentRegion = en;
			hasScannedForEncodings = 0;
			knownRegions = (
				en,
				Base,
			);
			mainGroup = DF3E409022B12FBD005B3BEF;
			productRefGroup = DF3E409A22B12FBD005B3BEF /* Products */;
			projectDirPath = "";
			projectRoot = "";
			targets = (
				DF3E409822B12FBD005B3BEF /* Knolls */,
				DF3E40B122B12FC1005B3BEF /* KnollsTests */,
				DF3E40BC22B12FC1005B3BEF /* KnollsUITests */,
			);
		};
/* End PBXProject section */

/* Begin PBXResourcesBuildPhase section */
		DF3E409722B12FBD005B3BEF /* Resources */ = {
			isa = PBXResourcesBuildPhase;
			buildActionMask = 2147483647;
			files = (
				DF3E40AC22B12FC1005B3BEF /* LaunchScreen.storyboard in Resources */,
				DF3E40A922B12FC1005B3BEF /* Preview Assets.xcassets in Resources */,
				DF3E40A622B12FC1005B3BEF /* Assets.xcassets in Resources */,
			);
			runOnlyForDeploymentPostprocessing = 0;
		};
		DF3E40B022B12FC1005B3BEF /* Resources */ = {
			isa = PBXResourcesBuildPhase;
			buildActionMask = 2147483647;
			files = (
			);
			runOnlyForDeploymentPostprocessing = 0;
		};
		DF3E40BB22B12FC1005B3BEF /* Resources */ = {
			isa = PBXResourcesBuildPhase;
			buildActionMask = 2147483647;
			files = (
			);
			runOnlyForDeploymentPostprocessing = 0;
		};
/* End PBXResourcesBuildPhase section */

/* Begin PBXSourcesBuildPhase section */
		DF3E409522B12FBD005B3BEF /* Sources */ = {
			isa = PBXSourcesBuildPhase;
			buildActionMask = 2147483647;
			files = (
				DF3E409D22B12FBD005B3BEF /* AppDelegate.swift in Sources */,
				DF3E409F22B12FBD005B3BEF /* SceneDelegate.swift in Sources */,
				DF3E40A422B12FBD005B3BEF /* ContentView.swift in Sources */,
				DF3E40A222B12FBD005B3BEF /* Knolls.xcdatamodeld in Sources */,
			);
			runOnlyForDeploymentPostprocessing = 0;
		};
		DF3E40AE22B12FC1005B3BEF /* Sources */ = {
			isa = PBXSourcesBuildPhase;
			buildActionMask = 2147483647;
			files = (
				DF3E40B722B12FC1005B3BEF /* KnollsTests.swift in Sources */,
			);
			runOnlyForDeploymentPostprocessing = 0;
		};
		DF3E40B922B12FC1005B3BEF /* Sources */ = {
			isa = PBXSourcesBuildPhase;
			buildActionMask = 2147483647;
			files = (
				DF3E40C222B12FC1005B3BEF /* KnollsUITests.swift in Sources */,
			);
			runOnlyForDeploymentPostprocessing = 0;
		};
/* End PBXSourcesBuildPhase section */

/* Begin PBXTargetDependency section */
		DF3E40B422B12FC1005B3BEF /* PBXTargetDependency */ = {
			isa = PBXTargetDependency;
			target = DF3E409822B12FBD005B3BEF /* Knolls */;
			targetProxy = DF3E40B322B12FC1005B3BEF /* PBXContainerItemProxy */;
		};
		DF3E40BF22B12FC1005B3BEF /* PBXTargetDependency */ = {
			isa = PBXTargetDependency;
			target = DF3E409822B12FBD005B3BEF /* Knolls */;
			targetProxy = DF3E40BE22B12FC1005B3BEF /* PBXContainerItemProxy */;
		};
/* End PBXTargetDependency section */

/* Begin PBXVariantGroup section */
		DF3E40AA22B12FC1005B3BEF /* LaunchScreen.storyboard */ = {
			isa = PBXVariantGroup;
			children = (
				DF3E40AB22B12FC1005B3BEF /* Base */,
			);
			name = LaunchScreen.storyboard;
			sourceTree = "<group>";
		};
/* End PBXVariantGroup section */

/* Begin XCBuildConfiguration section */
		DF3E40C422B12FC1005B3BEF /* Debug */ = {
			isa = XCBuildConfiguration;
			buildSettings = {
				ALWAYS_SEARCH_USER_PATHS = NO;
				CLANG_ANALYZER_NONNULL = YES;
				CLANG_ANALYZER_NUMBER_OBJECT_CONVERSION = YES_AGGRESSIVE;
				CLANG_CXX_LANGUAGE_STANDARD = "gnu++14";
				CLANG_CXX_LIBRARY = "libc++";
				CLANG_ENABLE_MODULES = YES;
				CLANG_ENABLE_OBJC_ARC = YES;
				CLANG_ENABLE_OBJC_WEAK = YES;
				CLANG_WARN_BLOCK_CAPTURE_AUTORELEASING = YES;
				CLANG_WARN_BOOL_CONVERSION = YES;
				CLANG_WARN_COMMA = YES;
				CLANG_WARN_CONSTANT_CONVERSION = YES;
				CLANG_WARN_DEPRECATED_OBJC_IMPLEMENTATIONS = YES;
				CLANG_WARN_DIRECT_OBJC_ISA_USAGE = YES_ERROR;
				CLANG_WARN_DOCUMENTATION_COMMENTS = YES;
				CLANG_WARN_EMPTY_BODY = YES;
				CLANG_WARN_ENUM_CONVERSION = YES;
				CLANG_WARN_INFINITE_RECURSION = YES;
				CLANG_WARN_INT_CONVERSION = YES;
				CLANG_WARN_NON_LITERAL_NULL_CONVERSION = YES;
				CLANG_WARN_OBJC_IMPLICIT_RETAIN_SELF = YES;
				CLANG_WARN_OBJC_LITERAL_CONVERSION = YES;
				CLANG_WARN_OBJC_ROOT_CLASS = YES_ERROR;
				CLANG_WARN_RANGE_LOOP_ANALYSIS = YES;
				CLANG_WARN_STRICT_PROTOTYPES = YES;
				CLANG_WARN_SUSPICIOUS_MOVE = YES;
				CLANG_WARN_UNGUARDED_AVAILABILITY = YES_AGGRESSIVE;
				CLANG_WARN_UNREACHABLE_CODE = YES;
				CLANG_WARN__DUPLICATE_METHOD_MATCH = YES;
				COPY_PHASE_STRIP = NO;
				DEBUG_INFORMATION_FORMAT = dwarf;
				ENABLE_STRICT_OBJC_MSGSEND = YES;
				ENABLE_TESTABILITY = YES;
				GCC_C_LANGUAGE_STANDARD = gnu11;
				GCC_DYNAMIC_NO_PIC = NO;
				GCC_NO_COMMON_BLOCKS = YES;
				GCC_OPTIMIZATION_LEVEL = 0;
				GCC_PREPROCESSOR_DEFINITIONS = (
					"DEBUG=1",
					"$(inherited)",
				);
				GCC_WARN_64_TO_32_BIT_CONVERSION = YES;
				GCC_WARN_ABOUT_RETURN_TYPE = YES_ERROR;
				GCC_WARN_UNDECLARED_SELECTOR = YES;
				GCC_WARN_UNINITIALIZED_AUTOS = YES_AGGRESSIVE;
				GCC_WARN_UNUSED_FUNCTION = YES;
				GCC_WARN_UNUSED_VARIABLE = YES;
				IPHONEOS_DEPLOYMENT_TARGET = 13.0;
				MTL_ENABLE_DEBUG_INFO = INCLUDE_SOURCE;
				MTL_FAST_MATH = YES;
				ONLY_ACTIVE_ARCH = YES;
				SDKROOT = iphoneos;
				SWIFT_ACTIVE_COMPILATION_CONDITIONS = DEBUG;
				SWIFT_OPTIMIZATION_LEVEL = "-Onone";
			};
			name = Debug;
		};
		DF3E40C522B12FC1005B3BEF /* Release */ = {
			isa = XCBuildConfiguration;
			buildSettings = {
				ALWAYS_SEARCH_USER_PATHS = NO;
				CLANG_ANALYZER_NONNULL = YES;
				CLANG_ANALYZER_NUMBER_OBJECT_CONVERSION = YES_AGGRESSIVE;
				CLANG_CXX_LANGUAGE_STANDARD = "gnu++14";
				CLANG_CXX_LIBRARY = "libc++";
				CLANG_ENABLE_MODULES = YES;
				CLANG_ENABLE_OBJC_ARC = YES;
				CLANG_ENABLE_OBJC_WEAK = YES;
				CLANG_WARN_BLOCK_CAPTURE_AUTORELEASING = YES;
				CLANG_WARN_BOOL_CONVERSION = YES;
				CLANG_WARN_COMMA = YES;
				CLANG_WARN_CONSTANT_CONVERSION = YES;
				CLANG_WARN_DEPRECATED_OBJC_IMPLEMENTATIONS = YES;
				CLANG_WARN_DIRECT_OBJC_ISA_USAGE = YES_ERROR;
				CLANG_WARN_DOCUMENTATION_COMMENTS = YES;
				CLANG_WARN_EMPTY_BODY = YES;
				CLANG_WARN_ENUM_CONVERSION = YES;
				CLANG_WARN_INFINITE_RECURSION = YES;
				CLANG_WARN_INT_CONVERSION = YES;
				CLANG_WARN_NON_LITERAL_NULL_CONVERSION = YES;
				CLANG_WARN_OBJC_IMPLICIT_RETAIN_SELF = YES;
				CLANG_WARN_OBJC_LITERAL_CONVERSION = YES;
				CLANG_WARN_OBJC_ROOT_CLASS = YES_ERROR;
				CLANG_WARN_RANGE_LOOP_ANALYSIS = YES;
				CLANG_WARN_STRICT_PROTOTYPES = YES;
				CLANG_WARN_SUSPICIOUS_MOVE = YES;
				CLANG_WARN_UNGUARDED_AVAILABILITY = YES_AGGRESSIVE;
				CLANG_WARN_UNREACHABLE_CODE = YES;
				CLANG_WARN__DUPLICATE_METHOD_MATCH = YES;
				COPY_PHASE_STRIP = NO;
				DEBUG_INFORMATION_FORMAT = "dwarf-with-dsym";
				ENABLE_NS_ASSERTIONS = NO;
				ENABLE_STRICT_OBJC_MSGSEND = YES;
				GCC_C_LANGUAGE_STANDARD = gnu11;
				GCC_NO_COMMON_BLOCKS = YES;
				GCC_WARN_64_TO_32_BIT_CONVERSION = YES;
				GCC_WARN_ABOUT_RETURN_TYPE = YES_ERROR;
				GCC_WARN_UNDECLARED_SELECTOR = YES;
				GCC_WARN_UNINITIALIZED_AUTOS = YES_AGGRESSIVE;
				GCC_WARN_UNUSED_FUNCTION = YES;
				GCC_WARN_UNUSED_VARIABLE = YES;
				IPHONEOS_DEPLOYMENT_TARGET = 13.0;
				MTL_ENABLE_DEBUG_INFO = NO;
				MTL_FAST_MATH = YES;
				SDKROOT = iphoneos;
				SWIFT_COMPILATION_MODE = wholemodule;
				SWIFT_OPTIMIZATION_LEVEL = "-O";
				VALIDATE_PRODUCT = YES;
			};
			name = Release;
		};
		DF3E40C722B12FC1005B3BEF /* Debug */ = {
			isa = XCBuildConfiguration;
			buildSettings = {
				ASSETCATALOG_COMPILER_APPICON_NAME = AppIcon;
				CODE_SIGN_STYLE = Automatic;
				DEVELOPMENT_ASSET_PATHS = "Knolls/Preview\\ Content";
				DEVELOPMENT_TEAM = 7L7B5Q5HPK;
				ENABLE_PREVIEWS = YES;
				INFOPLIST_FILE = Knolls/Info.plist;
				LD_RUNPATH_SEARCH_PATHS = (
					"$(inherited)",
					"@executable_path/Frameworks",
				);
				PRODUCT_BUNDLE_IDENTIFIER = io.leef.Knolls;
				PRODUCT_NAME = "$(TARGET_NAME)";
				SWIFT_VERSION = 5.0;
				TARGETED_DEVICE_FAMILY = "1,2";
			};
			name = Debug;
		};
		DF3E40C822B12FC1005B3BEF /* Release */ = {
			isa = XCBuildConfiguration;
			buildSettings = {
				ASSETCATALOG_COMPILER_APPICON_NAME = AppIcon;
				CODE_SIGN_STYLE = Automatic;
				DEVELOPMENT_ASSET_PATHS = "Knolls/Preview\\ Content";
				DEVELOPMENT_TEAM = 7L7B5Q5HPK;
				ENABLE_PREVIEWS = YES;
				INFOPLIST_FILE = Knolls/Info.plist;
				LD_RUNPATH_SEARCH_PATHS = (
					"$(inherited)",
					"@executable_path/Frameworks",
				);
				PRODUCT_BUNDLE_IDENTIFIER = io.leef.Knolls;
				PRODUCT_NAME = "$(TARGET_NAME)";
				SWIFT_VERSION = 5.0;
				TARGETED_DEVICE_FAMILY = "1,2";
			};
			name = Release;
		};
		DF3E40CA22B12FC1005B3BEF /* Debug */ = {
			isa = XCBuildConfiguration;
			buildSettings = {
				ALWAYS_EMBED_SWIFT_STANDARD_LIBRARIES = YES;
				BUNDLE_LOADER = "$(TEST_HOST)";
				CODE_SIGN_STYLE = Automatic;
				DEVELOPMENT_TEAM = 7L7B5Q5HPK;
				INFOPLIST_FILE = KnollsTests/Info.plist;
				LD_RUNPATH_SEARCH_PATHS = (
					"$(inherited)",
					"@executable_path/Frameworks",
					"@loader_path/Frameworks",
				);
				PRODUCT_BUNDLE_IDENTIFIER = io.leef.KnollsTests;
				PRODUCT_NAME = "$(TARGET_NAME)";
				SWIFT_VERSION = 5.0;
				TARGETED_DEVICE_FAMILY = "1,2";
				TEST_HOST = "$(BUILT_PRODUCTS_DIR)/Knolls.app/Knolls";
			};
			name = Debug;
		};
		DF3E40CB22B12FC1005B3BEF /* Release */ = {
			isa = XCBuildConfiguration;
			buildSettings = {
				ALWAYS_EMBED_SWIFT_STANDARD_LIBRARIES = YES;
				BUNDLE_LOADER = "$(TEST_HOST)";
				CODE_SIGN_STYLE = Automatic;
				DEVELOPMENT_TEAM = 7L7B5Q5HPK;
				INFOPLIST_FILE = KnollsTests/Info.plist;
				LD_RUNPATH_SEARCH_PATHS = (
					"$(inherited)",
					"@executable_path/Frameworks",
					"@loader_path/Frameworks",
				);
				PRODUCT_BUNDLE_IDENTIFIER = io.leef.KnollsTests;
				PRODUCT_NAME = "$(TARGET_NAME)";
				SWIFT_VERSION = 5.0;
				TARGETED_DEVICE_FAMILY = "1,2";
				TEST_HOST = "$(BUILT_PRODUCTS_DIR)/Knolls.app/Knolls";
			};
			name = Release;
		};
		DF3E40CD22B12FC1005B3BEF /* Debug */ = {
			isa = XCBuildConfiguration;
			buildSettings = {
				ALWAYS_EMBED_SWIFT_STANDARD_LIBRARIES = YES;
				CODE_SIGN_STYLE = Automatic;
				DEVELOPMENT_TEAM = 7L7B5Q5HPK;
				INFOPLIST_FILE = KnollsUITests/Info.plist;
				LD_RUNPATH_SEARCH_PATHS = (
					"$(inherited)",
					"@executable_path/Frameworks",
					"@loader_path/Frameworks",
				);
				PRODUCT_BUNDLE_IDENTIFIER = io.leef.KnollsUITests;
				PRODUCT_NAME = "$(TARGET_NAME)";
				SWIFT_VERSION = 5.0;
				TARGETED_DEVICE_FAMILY = "1,2";
				TEST_TARGET_NAME = Knolls;
			};
			name = Debug;
		};
		DF3E40CE22B12FC1005B3BEF /* Release */ = {
			isa = XCBuildConfiguration;
			buildSettings = {
				ALWAYS_EMBED_SWIFT_STANDARD_LIBRARIES = YES;
				CODE_SIGN_STYLE = Automatic;
				DEVELOPMENT_TEAM = 7L7B5Q5HPK;
				INFOPLIST_FILE = KnollsUITests/Info.plist;
				LD_RUNPATH_SEARCH_PATHS = (
					"$(inherited)",
					"@executable_path/Frameworks",
					"@loader_path/Frameworks",
				);
				PRODUCT_BUNDLE_IDENTIFIER = io.leef.KnollsUITests;
				PRODUCT_NAME = "$(TARGET_NAME)";
				SWIFT_VERSION = 5.0;
				TARGETED_DEVICE_FAMILY = "1,2";
				TEST_TARGET_NAME = Knolls;
			};
			name = Release;
		};
/* End XCBuildConfiguration section */

/* Begin XCConfigurationList section */
		DF3E409422B12FBD005B3BEF /* Build configuration list for PBXProject "Knolls" */ = {
			isa = XCConfigurationList;
			buildConfigurations = (
				DF3E40C422B12FC1005B3BEF /* Debug */,
				DF3E40C522B12FC1005B3BEF /* Release */,
			);
			defaultConfigurationIsVisible = 0;
			defaultConfigurationName = Release;
		};
		DF3E40C622B12FC1005B3BEF /* Build configuration list for PBXNativeTarget "Knolls" */ = {
			isa = XCConfigurationList;
			buildConfigurations = (
				DF3E40C722B12FC1005B3BEF /* Debug */,
				DF3E40C822B12FC1005B3BEF /* Release */,
			);
			defaultConfigurationIsVisible = 0;
			defaultConfigurationName = Release;
		};
		DF3E40C922B12FC1005B3BEF /* Build configuration list for PBXNativeTarget "KnollsTests" */ = {
			isa = XCConfigurationList;
			buildConfigurations = (
				DF3E40CA22B12FC1005B3BEF /* Debug */,
				DF3E40CB22B12FC1005B3BEF /* Release */,
			);
			defaultConfigurationIsVisible = 0;
			defaultConfigurationName = Release;
		};
		DF3E40CC22B12FC1005B3BEF /* Build configuration list for PBXNativeTarget "KnollsUITests" */ = {
			isa = XCConfigurationList;
			buildConfigurations = (
				DF3E40CD22B12FC1005B3BEF /* Debug */,
				DF3E40CE22B12FC1005B3BEF /* Release */,
			);
			defaultConfigurationIsVisible = 0;
			defaultConfigurationName = Release;
		};
/* End XCConfigurationList section */

/* Begin XCVersionGroup section */
		DF3E40A022B12FBD005B3BEF /* Knolls.xcdatamodeld */ = {
			isa = XCVersionGroup;
			children = (
				DF3E40A122B12FBD005B3BEF /* Knolls.xcdatamodel */,
			);
			currentVersion = DF3E40A122B12FBD005B3BEF /* Knolls.xcdatamodel */;
			path = Knolls.xcdatamodeld;
			sourceTree = "<group>";
			versionGroupType = wrapper.xcdatamodel;
		};
/* End XCVersionGroup section */
	};
	rootObject = DF3E409122B12FBD005B3BEF /* Project object */;
}
